// !$*UTF8*$!
{
	archiveVersion = 1;
	classes = {
	};
	objectVersion = 46;
	objects = {

/* Begin PBXBuildFile section */
		A41559521891D315002AE8DA /* Foundation.framework in Frameworks */ = {isa = PBXBuildFile; fileRef = A41559511891D315002AE8DA /* Foundation.framework */; };
		A41559541891D315002AE8DA /* CoreGraphics.framework in Frameworks */ = {isa = PBXBuildFile; fileRef = A41559531891D315002AE8DA /* CoreGraphics.framework */; };
		A41559561891D315002AE8DA /* UIKit.framework in Frameworks */ = {isa = PBXBuildFile; fileRef = A41559551891D315002AE8DA /* UIKit.framework */; };
		A415595C1891D315002AE8DA /* InfoPlist.strings in Resources */ = {isa = PBXBuildFile; fileRef = A415595A1891D315002AE8DA /* InfoPlist.strings */; };
		A415595E1891D315002AE8DA /* main.m in Sources */ = {isa = PBXBuildFile; fileRef = A415595D1891D315002AE8DA /* main.m */; };
		A41559621891D315002AE8DA /* AppDelegate.m in Sources */ = {isa = PBXBuildFile; fileRef = A41559611891D315002AE8DA /* AppDelegate.m */; };
		A41559651891D315002AE8DA /* Main_iPhone.storyboard in Resources */ = {isa = PBXBuildFile; fileRef = A41559631891D315002AE8DA /* Main_iPhone.storyboard */; };
		A41559681891D315002AE8DA /* Main_iPad.storyboard in Resources */ = {isa = PBXBuildFile; fileRef = A41559661891D315002AE8DA /* Main_iPad.storyboard */; };
		A415596D1891D315002AE8DA /* Images.xcassets in Resources */ = {isa = PBXBuildFile; fileRef = A415596C1891D315002AE8DA /* Images.xcassets */; };
		A41559741891D315002AE8DA /* XCTest.framework in Frameworks */ = {isa = PBXBuildFile; fileRef = A41559731891D315002AE8DA /* XCTest.framework */; };
		A41559751891D315002AE8DA /* Foundation.framework in Frameworks */ = {isa = PBXBuildFile; fileRef = A41559511891D315002AE8DA /* Foundation.framework */; };
		A41559761891D315002AE8DA /* UIKit.framework in Frameworks */ = {isa = PBXBuildFile; fileRef = A41559551891D315002AE8DA /* UIKit.framework */; };
		A415597E1891D315002AE8DA /* InfoPlist.strings in Resources */ = {isa = PBXBuildFile; fileRef = A415597C1891D315002AE8DA /* InfoPlist.strings */; };
		A41559801891D315002AE8DA /* GameOfLifeTests.m in Sources */ = {isa = PBXBuildFile; fileRef = A415597F1891D315002AE8DA /* GameOfLifeTests.m */; };
		A415599B189215CC002AE8DA /* GameOfLifeGrid.m in Sources */ = {isa = PBXBuildFile; fileRef = A4155998189215CC002AE8DA /* GameOfLifeGrid.m */; };
		A415599C189215CC002AE8DA /* MainScreenViewController.m in Sources */ = {isa = PBXBuildFile; fileRef = A415599A189215CC002AE8DA /* MainScreenViewController.m */; };
		A4179E9B189B43D8005420FB /* NSData+Cipher.m in Sources */ = {isa = PBXBuildFile; fileRef = A4179E8A189B43D8005420FB /* NSData+Cipher.m */; };
		A4179E9C189B43D8005420FB /* NSString+NiftyAdditions.m in Sources */ = {isa = PBXBuildFile; fileRef = A4179E8C189B43D8005420FB /* NSString+NiftyAdditions.m */; };
		A4179E9D189B43D8005420FB /* UIColor+Hexes.m in Sources */ = {isa = PBXBuildFile; fileRef = A4179E8E189B43D8005420FB /* UIColor+Hexes.m */; };
		A4179E9E189B43D8005420FB /* UIDevice+SimulatorCheck.m in Sources */ = {isa = PBXBuildFile; fileRef = A4179E90189B43D8005420FB /* UIDevice+SimulatorCheck.m */; };
		A4179E9F189B43D8005420FB /* UILabel+TextMagic.m in Sources */ = {isa = PBXBuildFile; fileRef = A4179E92189B43D8005420FB /* UILabel+TextMagic.m */; };
		A4179EA0189B43D8005420FB /* UIView+FrameMagic.m in Sources */ = {isa = PBXBuildFile; fileRef = A4179E94189B43D8005420FB /* UIView+FrameMagic.m */; };
		A4179EA1189B43D8005420FB /* iOS7MigrationBuddy.m in Sources */ = {isa = PBXBuildFile; fileRef = A4179E97189B43D8005420FB /* iOS7MigrationBuddy.m */; };
		A4179EA2189B43D8005420FB /* LocationHelper.m in Sources */ = {isa = PBXBuildFile; fileRef = A4179E99189B43D8005420FB /* LocationHelper.m */; };
		A445748718AEA6EB00ECCF15 /* skull-icon-with-alpha.png in Resources */ = {isa = PBXBuildFile; fileRef = A445748618AEA6EB00ECCF15 /* skull-icon-with-alpha.png */; };
		A445748D18AF9EC400ECCF15 /* skull-icon-with-alpha@2x.png in Resources */ = {isa = PBXBuildFile; fileRef = A445748C18AF9EC400ECCF15 /* skull-icon-with-alpha@2x.png */; };
		A445749218AFF88200ECCF15 /* pause.png in Resources */ = {isa = PBXBuildFile; fileRef = A445748E18AFF88200ECCF15 /* pause.png */; };
		A445749318AFF88200ECCF15 /* pause@2x.png in Resources */ = {isa = PBXBuildFile; fileRef = A445748F18AFF88200ECCF15 /* pause@2x.png */; };
		A445749418AFF88200ECCF15 /* play.png in Resources */ = {isa = PBXBuildFile; fileRef = A445749018AFF88200ECCF15 /* play.png */; };
		A445749518AFF88200ECCF15 /* play@2x.png in Resources */ = {isa = PBXBuildFile; fileRef = A445749118AFF88200ECCF15 /* play@2x.png */; };
		A445749A18B0450400ECCF15 /* QuartzCore.framework in Frameworks */ = {isa = PBXBuildFile; fileRef = A445749918B0450400ECCF15 /* QuartzCore.framework */; };
		A445749D18B04D4B00ECCF15 /* leaves.png in Resources */ = {isa = PBXBuildFile; fileRef = A445749B18B04D4B00ECCF15 /* leaves.png */; };
		A445749E18B04D4B00ECCF15 /* leaves@2x.png in Resources */ = {isa = PBXBuildFile; fileRef = A445749C18B04D4B00ECCF15 /* leaves@2x.png */; };
		A44574A118B1061A00ECCF15 /* nuke-icon.png in Resources */ = {isa = PBXBuildFile; fileRef = A445749F18B1061A00ECCF15 /* nuke-icon.png */; };
		A44574A218B1061A00ECCF15 /* nuke-icon@2x.png in Resources */ = {isa = PBXBuildFile; fileRef = A44574A018B1061A00ECCF15 /* nuke-icon@2x.png */; };
		A44574A518B1062F00ECCF15 /* leaves-icon.png in Resources */ = {isa = PBXBuildFile; fileRef = A44574A318B1062F00ECCF15 /* leaves-icon.png */; };
		A44574A618B1062F00ECCF15 /* leaves-icon@2x.png in Resources */ = {isa = PBXBuildFile; fileRef = A44574A418B1062F00ECCF15 /* leaves-icon@2x.png */; };
		A44574A918B1070000ECCF15 /* up-arrow.png in Resources */ = {isa = PBXBuildFile; fileRef = A44574A718B1070000ECCF15 /* up-arrow.png */; };
		A44574AA18B1070000ECCF15 /* up-arrow@2x.png in Resources */ = {isa = PBXBuildFile; fileRef = A44574A818B1070000ECCF15 /* up-arrow@2x.png */; };
		A4B4E30F18B12B7400E05A63 /* Default-568h@2x.png in Resources */ = {isa = PBXBuildFile; fileRef = A4B4E30E18B12B7400E05A63 /* Default-568h@2x.png */; };
		A4C079651893FF4900828554 /* Cell.m in Sources */ = {isa = PBXBuildFile; fileRef = A4C079641893FF4900828554 /* Cell.m */; };
		A4EB6BAE18A548C50090F2A5 /* beaker.png in Resources */ = {isa = PBXBuildFile; fileRef = A4EB6BA918A548C50090F2A5 /* beaker.png */; };
		A4EB6BAF18A548C50090F2A5 /* beaker@2x.png in Resources */ = {isa = PBXBuildFile; fileRef = A4EB6BAA18A548C50090F2A5 /* beaker@2x.png */; };
		A4EB6BB018A548C50090F2A5 /* Icon.png in Resources */ = {isa = PBXBuildFile; fileRef = A4EB6BAB18A548C50090F2A5 /* Icon.png */; };
		A4EB6BB118A548C50090F2A5 /* Icon@2x.png in Resources */ = {isa = PBXBuildFile; fileRef = A4EB6BAC18A548C50090F2A5 /* Icon@2x.png */; };
		A4EB6BB218A548C50090F2A5 /* skull-icon.png in Resources */ = {isa = PBXBuildFile; fileRef = A4EB6BAD18A548C50090F2A5 /* skull-icon.png */; };
		A4EB6BB418A5498A0090F2A5 /* skull-icon@2x.png in Resources */ = {isa = PBXBuildFile; fileRef = A4EB6BB318A5498A0090F2A5 /* skull-icon@2x.png */; };
		A4EB6BBA18A565FF0090F2A5 /* left-arrow.png in Resources */ = {isa = PBXBuildFile; fileRef = A4EB6BB618A565FE0090F2A5 /* left-arrow.png */; };
		A4EB6BBB18A565FF0090F2A5 /* left-arrow@2x.png in Resources */ = {isa = PBXBuildFile; fileRef = A4EB6BB718A565FE0090F2A5 /* left-arrow@2x.png */; };
		A4EB6BBC18A565FF0090F2A5 /* right-arrow.png in Resources */ = {isa = PBXBuildFile; fileRef = A4EB6BB818A565FE0090F2A5 /* right-arrow.png */; };
		A4EB6BBD18A565FF0090F2A5 /* right-arrow@2x.png in Resources */ = {isa = PBXBuildFile; fileRef = A4EB6BB918A565FE0090F2A5 /* right-arrow@2x.png */; };
		A4EB6BC018A567470090F2A5 /* SlideOutToolStrip.m in Sources */ = {isa = PBXBuildFile; fileRef = A4EB6BBF18A567470090F2A5 /* SlideOutToolStrip.m */; };
/* End PBXBuildFile section */

/* Begin PBXContainerItemProxy section */
		A41559771891D315002AE8DA /* PBXContainerItemProxy */ = {
			isa = PBXContainerItemProxy;
			containerPortal = A41559461891D314002AE8DA /* Project object */;
			proxyType = 1;
			remoteGlobalIDString = A415594D1891D315002AE8DA;
			remoteInfo = GameOfLife;
		};
/* End PBXContainerItemProxy section */

/* Begin PBXFileReference section */
		A415594E1891D315002AE8DA /* GameOfLife.app */ = {isa = PBXFileReference; explicitFileType = wrapper.application; includeInIndex = 0; path = GameOfLife.app; sourceTree = BUILT_PRODUCTS_DIR; };
		A41559511891D315002AE8DA /* Foundation.framework */ = {isa = PBXFileReference; lastKnownFileType = wrapper.framework; name = Foundation.framework; path = System/Library/Frameworks/Foundation.framework; sourceTree = SDKROOT; };
		A41559531891D315002AE8DA /* CoreGraphics.framework */ = {isa = PBXFileReference; lastKnownFileType = wrapper.framework; name = CoreGraphics.framework; path = System/Library/Frameworks/CoreGraphics.framework; sourceTree = SDKROOT; };
		A41559551891D315002AE8DA /* UIKit.framework */ = {isa = PBXFileReference; lastKnownFileType = wrapper.framework; name = UIKit.framework; path = System/Library/Frameworks/UIKit.framework; sourceTree = SDKROOT; };
		A41559591891D315002AE8DA /* GameOfLife-Info.plist */ = {isa = PBXFileReference; lastKnownFileType = text.plist.xml; path = "GameOfLife-Info.plist"; sourceTree = "<group>"; };
		A415595B1891D315002AE8DA /* en */ = {isa = PBXFileReference; lastKnownFileType = text.plist.strings; name = en; path = en.lproj/InfoPlist.strings; sourceTree = "<group>"; };
		A415595D1891D315002AE8DA /* main.m */ = {isa = PBXFileReference; lastKnownFileType = sourcecode.c.objc; path = main.m; sourceTree = "<group>"; };
		A415595F1891D315002AE8DA /* GameOfLife-Prefix.pch */ = {isa = PBXFileReference; lastKnownFileType = sourcecode.c.h; path = "GameOfLife-Prefix.pch"; sourceTree = "<group>"; };
		A41559601891D315002AE8DA /* AppDelegate.h */ = {isa = PBXFileReference; lastKnownFileType = sourcecode.c.h; path = AppDelegate.h; sourceTree = "<group>"; };
		A41559611891D315002AE8DA /* AppDelegate.m */ = {isa = PBXFileReference; lastKnownFileType = sourcecode.c.objc; path = AppDelegate.m; sourceTree = "<group>"; };
		A41559641891D315002AE8DA /* Base */ = {isa = PBXFileReference; lastKnownFileType = file.storyboard; name = Base; path = Base.lproj/Main_iPhone.storyboard; sourceTree = "<group>"; };
		A41559671891D315002AE8DA /* Base */ = {isa = PBXFileReference; lastKnownFileType = file.storyboard; name = Base; path = Base.lproj/Main_iPad.storyboard; sourceTree = "<group>"; };
		A415596C1891D315002AE8DA /* Images.xcassets */ = {isa = PBXFileReference; lastKnownFileType = folder.assetcatalog; path = Images.xcassets; sourceTree = "<group>"; };
		A41559721891D315002AE8DA /* GameOfLifeTests.xctest */ = {isa = PBXFileReference; explicitFileType = wrapper.cfbundle; includeInIndex = 0; path = GameOfLifeTests.xctest; sourceTree = BUILT_PRODUCTS_DIR; };
		A41559731891D315002AE8DA /* XCTest.framework */ = {isa = PBXFileReference; lastKnownFileType = wrapper.framework; name = XCTest.framework; path = Library/Frameworks/XCTest.framework; sourceTree = DEVELOPER_DIR; };
		A415597B1891D315002AE8DA /* GameOfLifeTests-Info.plist */ = {isa = PBXFileReference; lastKnownFileType = text.plist.xml; path = "GameOfLifeTests-Info.plist"; sourceTree = "<group>"; };
		A415597D1891D315002AE8DA /* en */ = {isa = PBXFileReference; lastKnownFileType = text.plist.strings; name = en; path = en.lproj/InfoPlist.strings; sourceTree = "<group>"; };
		A415597F1891D315002AE8DA /* GameOfLifeTests.m */ = {isa = PBXFileReference; lastKnownFileType = sourcecode.c.objc; path = GameOfLifeTests.m; sourceTree = "<group>"; };
		A4155997189215CC002AE8DA /* GameOfLifeGrid.h */ = {isa = PBXFileReference; fileEncoding = 4; lastKnownFileType = sourcecode.c.h; path = GameOfLifeGrid.h; sourceTree = "<group>"; };
		A4155998189215CC002AE8DA /* GameOfLifeGrid.m */ = {isa = PBXFileReference; fileEncoding = 4; lastKnownFileType = sourcecode.c.objc; path = GameOfLifeGrid.m; sourceTree = "<group>"; };
		A4155999189215CC002AE8DA /* MainScreenViewController.h */ = {isa = PBXFileReference; fileEncoding = 4; lastKnownFileType = sourcecode.c.h; path = MainScreenViewController.h; sourceTree = "<group>"; };
		A415599A189215CC002AE8DA /* MainScreenViewController.m */ = {isa = PBXFileReference; fileEncoding = 4; lastKnownFileType = sourcecode.c.objc; path = MainScreenViewController.m; sourceTree = "<group>"; };
		A4179E89189B43D8005420FB /* NSData+Cipher.h */ = {isa = PBXFileReference; fileEncoding = 4; lastKnownFileType = sourcecode.c.h; path = "NSData+Cipher.h"; sourceTree = "<group>"; };
		A4179E8A189B43D8005420FB /* NSData+Cipher.m */ = {isa = PBXFileReference; fileEncoding = 4; lastKnownFileType = sourcecode.c.objc; path = "NSData+Cipher.m"; sourceTree = "<group>"; };
		A4179E8B189B43D8005420FB /* NSString+NiftyAdditions.h */ = {isa = PBXFileReference; fileEncoding = 4; lastKnownFileType = sourcecode.c.h; path = "NSString+NiftyAdditions.h"; sourceTree = "<group>"; };
		A4179E8C189B43D8005420FB /* NSString+NiftyAdditions.m */ = {isa = PBXFileReference; fileEncoding = 4; lastKnownFileType = sourcecode.c.objc; path = "NSString+NiftyAdditions.m"; sourceTree = "<group>"; };
		A4179E8D189B43D8005420FB /* UIColor+Hexes.h */ = {isa = PBXFileReference; fileEncoding = 4; lastKnownFileType = sourcecode.c.h; path = "UIColor+Hexes.h"; sourceTree = "<group>"; };
		A4179E8E189B43D8005420FB /* UIColor+Hexes.m */ = {isa = PBXFileReference; fileEncoding = 4; lastKnownFileType = sourcecode.c.objc; path = "UIColor+Hexes.m"; sourceTree = "<group>"; };
		A4179E8F189B43D8005420FB /* UIDevice+SimulatorCheck.h */ = {isa = PBXFileReference; fileEncoding = 4; lastKnownFileType = sourcecode.c.h; path = "UIDevice+SimulatorCheck.h"; sourceTree = "<group>"; };
		A4179E90189B43D8005420FB /* UIDevice+SimulatorCheck.m */ = {isa = PBXFileReference; fileEncoding = 4; lastKnownFileType = sourcecode.c.objc; path = "UIDevice+SimulatorCheck.m"; sourceTree = "<group>"; };
		A4179E91189B43D8005420FB /* UILabel+TextMagic.h */ = {isa = PBXFileReference; fileEncoding = 4; lastKnownFileType = sourcecode.c.h; path = "UILabel+TextMagic.h"; sourceTree = "<group>"; };
		A4179E92189B43D8005420FB /* UILabel+TextMagic.m */ = {isa = PBXFileReference; fileEncoding = 4; lastKnownFileType = sourcecode.c.objc; path = "UILabel+TextMagic.m"; sourceTree = "<group>"; };
		A4179E93189B43D8005420FB /* UIView+FrameMagic.h */ = {isa = PBXFileReference; fileEncoding = 4; lastKnownFileType = sourcecode.c.h; path = "UIView+FrameMagic.h"; sourceTree = "<group>"; };
		A4179E94189B43D8005420FB /* UIView+FrameMagic.m */ = {isa = PBXFileReference; fileEncoding = 4; lastKnownFileType = sourcecode.c.objc; path = "UIView+FrameMagic.m"; sourceTree = "<group>"; };
		A4179E96189B43D8005420FB /* iOS7MigrationBuddy.h */ = {isa = PBXFileReference; fileEncoding = 4; lastKnownFileType = sourcecode.c.h; path = iOS7MigrationBuddy.h; sourceTree = "<group>"; };
		A4179E97189B43D8005420FB /* iOS7MigrationBuddy.m */ = {isa = PBXFileReference; fileEncoding = 4; lastKnownFileType = sourcecode.c.objc; path = iOS7MigrationBuddy.m; sourceTree = "<group>"; };
		A4179E98189B43D8005420FB /* LocationHelper.h */ = {isa = PBXFileReference; fileEncoding = 4; lastKnownFileType = sourcecode.c.h; path = LocationHelper.h; sourceTree = "<group>"; };
		A4179E99189B43D8005420FB /* LocationHelper.m */ = {isa = PBXFileReference; fileEncoding = 4; lastKnownFileType = sourcecode.c.objc; path = LocationHelper.m; sourceTree = "<group>"; };
		A445748618AEA6EB00ECCF15 /* skull-icon-with-alpha.png */ = {isa = PBXFileReference; lastKnownFileType = image.png; path = "skull-icon-with-alpha.png"; sourceTree = "<group>"; };
		A445748C18AF9EC400ECCF15 /* skull-icon-with-alpha@2x.png */ = {isa = PBXFileReference; lastKnownFileType = image.png; path = "skull-icon-with-alpha@2x.png"; sourceTree = "<group>"; };
		A445748E18AFF88200ECCF15 /* pause.png */ = {isa = PBXFileReference; lastKnownFileType = image.png; path = pause.png; sourceTree = "<group>"; };
		A445748F18AFF88200ECCF15 /* pause@2x.png */ = {isa = PBXFileReference; lastKnownFileType = image.png; path = "pause@2x.png"; sourceTree = "<group>"; };
		A445749018AFF88200ECCF15 /* play.png */ = {isa = PBXFileReference; lastKnownFileType = image.png; path = play.png; sourceTree = "<group>"; };
		A445749118AFF88200ECCF15 /* play@2x.png */ = {isa = PBXFileReference; lastKnownFileType = image.png; path = "play@2x.png"; sourceTree = "<group>"; };
		A445749618B000CE00ECCF15 /* SpriteKit.framework */ = {isa = PBXFileReference; lastKnownFileType = wrapper.framework; name = SpriteKit.framework; path = System/Library/Frameworks/SpriteKit.framework; sourceTree = SDKROOT; };
		A445749918B0450400ECCF15 /* QuartzCore.framework */ = {isa = PBXFileReference; lastKnownFileType = wrapper.framework; name = QuartzCore.framework; path = System/Library/Frameworks/QuartzCore.framework; sourceTree = SDKROOT; };
		A445749B18B04D4B00ECCF15 /* leaves.png */ = {isa = PBXFileReference; lastKnownFileType = image.png; path = leaves.png; sourceTree = "<group>"; };
		A445749C18B04D4B00ECCF15 /* leaves@2x.png */ = {isa = PBXFileReference; lastKnownFileType = image.png; path = "leaves@2x.png"; sourceTree = "<group>"; };
		A445749F18B1061A00ECCF15 /* nuke-icon.png */ = {isa = PBXFileReference; lastKnownFileType = image.png; path = "nuke-icon.png"; sourceTree = "<group>"; };
		A44574A018B1061A00ECCF15 /* nuke-icon@2x.png */ = {isa = PBXFileReference; lastKnownFileType = image.png; path = "nuke-icon@2x.png"; sourceTree = "<group>"; };
		A44574A318B1062F00ECCF15 /* leaves-icon.png */ = {isa = PBXFileReference; lastKnownFileType = image.png; path = "leaves-icon.png"; sourceTree = "<group>"; };
		A44574A418B1062F00ECCF15 /* leaves-icon@2x.png */ = {isa = PBXFileReference; lastKnownFileType = image.png; path = "leaves-icon@2x.png"; sourceTree = "<group>"; };
		A44574A718B1070000ECCF15 /* up-arrow.png */ = {isa = PBXFileReference; lastKnownFileType = image.png; path = "up-arrow.png"; sourceTree = "<group>"; };
		A44574A818B1070000ECCF15 /* up-arrow@2x.png */ = {isa = PBXFileReference; lastKnownFileType = image.png; path = "up-arrow@2x.png"; sourceTree = "<group>"; };
		A4B4E30E18B12B7400E05A63 /* Default-568h@2x.png */ = {isa = PBXFileReference; lastKnownFileType = image.png; path = "Default-568h@2x.png"; sourceTree = "<group>"; };
		A4C079631893FF4900828554 /* Cell.h */ = {isa = PBXFileReference; fileEncoding = 4; lastKnownFileType = sourcecode.c.h; path = Cell.h; sourceTree = "<group>"; };
		A4C079641893FF4900828554 /* Cell.m */ = {isa = PBXFileReference; fileEncoding = 4; lastKnownFileType = sourcecode.c.objc; path = Cell.m; sourceTree = "<group>"; };
		A4EB6BA918A548C50090F2A5 /* beaker.png */ = {isa = PBXFileReference; lastKnownFileType = image.png; path = beaker.png; sourceTree = "<group>"; };
		A4EB6BAA18A548C50090F2A5 /* beaker@2x.png */ = {isa = PBXFileReference; lastKnownFileType = image.png; path = "beaker@2x.png"; sourceTree = "<group>"; };
		A4EB6BAB18A548C50090F2A5 /* Icon.png */ = {isa = PBXFileReference; lastKnownFileType = image.png; path = Icon.png; sourceTree = "<group>"; };
		A4EB6BAC18A548C50090F2A5 /* Icon@2x.png */ = {isa = PBXFileReference; lastKnownFileType = image.png; path = "Icon@2x.png"; sourceTree = "<group>"; };
		A4EB6BAD18A548C50090F2A5 /* skull-icon.png */ = {isa = PBXFileReference; lastKnownFileType = image.png; path = "skull-icon.png"; sourceTree = "<group>"; };
		A4EB6BB318A5498A0090F2A5 /* skull-icon@2x.png */ = {isa = PBXFileReference; lastKnownFileType = image.png; path = "skull-icon@2x.png"; sourceTree = "<group>"; };
		A4EB6BB618A565FE0090F2A5 /* left-arrow.png */ = {isa = PBXFileReference; lastKnownFileType = image.png; path = "left-arrow.png"; sourceTree = "<group>"; };
		A4EB6BB718A565FE0090F2A5 /* left-arrow@2x.png */ = {isa = PBXFileReference; lastKnownFileType = image.png; path = "left-arrow@2x.png"; sourceTree = "<group>"; };
		A4EB6BB818A565FE0090F2A5 /* right-arrow.png */ = {isa = PBXFileReference; lastKnownFileType = image.png; path = "right-arrow.png"; sourceTree = "<group>"; };
		A4EB6BB918A565FE0090F2A5 /* right-arrow@2x.png */ = {isa = PBXFileReference; lastKnownFileType = image.png; path = "right-arrow@2x.png"; sourceTree = "<group>"; };
		A4EB6BBE18A567470090F2A5 /* SlideOutToolStrip.h */ = {isa = PBXFileReference; fileEncoding = 4; lastKnownFileType = sourcecode.c.h; path = SlideOutToolStrip.h; sourceTree = "<group>"; };
		A4EB6BBF18A567470090F2A5 /* SlideOutToolStrip.m */ = {isa = PBXFileReference; fileEncoding = 4; lastKnownFileType = sourcecode.c.objc; path = SlideOutToolStrip.m; sourceTree = "<group>"; };
/* End PBXFileReference section */

/* Begin PBXFrameworksBuildPhase section */
		A415594B1891D315002AE8DA /* Frameworks */ = {
			isa = PBXFrameworksBuildPhase;
			buildActionMask = 2147483647;
			files = (
				A445749A18B0450400ECCF15 /* QuartzCore.framework in Frameworks */,
				A41559541891D315002AE8DA /* CoreGraphics.framework in Frameworks */,
				A41559561891D315002AE8DA /* UIKit.framework in Frameworks */,
				A41559521891D315002AE8DA /* Foundation.framework in Frameworks */,
			);
			runOnlyForDeploymentPostprocessing = 0;
		};
		A415596F1891D315002AE8DA /* Frameworks */ = {
			isa = PBXFrameworksBuildPhase;
			buildActionMask = 2147483647;
			files = (
				A41559741891D315002AE8DA /* XCTest.framework in Frameworks */,
				A41559761891D315002AE8DA /* UIKit.framework in Frameworks */,
				A41559751891D315002AE8DA /* Foundation.framework in Frameworks */,
			);
			runOnlyForDeploymentPostprocessing = 0;
		};
/* End PBXFrameworksBuildPhase section */

/* Begin PBXGroup section */
		A41559451891D314002AE8DA = {
			isa = PBXGroup;
			children = (
				A4B4E30E18B12B7400E05A63 /* Default-568h@2x.png */,
				A41559571891D315002AE8DA /* GameOfLife */,
				A41559791891D315002AE8DA /* GameOfLifeTests */,
				A41559501891D315002AE8DA /* Frameworks */,
				A415594F1891D315002AE8DA /* Products */,
			);
			sourceTree = "<group>";
		};
		A415594F1891D315002AE8DA /* Products */ = {
			isa = PBXGroup;
			children = (
				A415594E1891D315002AE8DA /* GameOfLife.app */,
				A41559721891D315002AE8DA /* GameOfLifeTests.xctest */,
			);
			name = Products;
			sourceTree = "<group>";
		};
		A41559501891D315002AE8DA /* Frameworks */ = {
			isa = PBXGroup;
			children = (
				A445749918B0450400ECCF15 /* QuartzCore.framework */,
				A445749618B000CE00ECCF15 /* SpriteKit.framework */,
				A41559511891D315002AE8DA /* Foundation.framework */,
				A41559531891D315002AE8DA /* CoreGraphics.framework */,
				A41559551891D315002AE8DA /* UIKit.framework */,
				A41559731891D315002AE8DA /* XCTest.framework */,
			);
			name = Frameworks;
			sourceTree = "<group>";
		};
		A41559571891D315002AE8DA /* GameOfLife */ = {
			isa = PBXGroup;
			children = (
				A4EB6BA818A548C50090F2A5 /* Resources */,
				A4179E86189B43D8005420FB /* Artisan Toolbox */,
				A4EB6BBE18A567470090F2A5 /* SlideOutToolStrip.h */,
				A4EB6BBF18A567470090F2A5 /* SlideOutToolStrip.m */,
				A4155997189215CC002AE8DA /* GameOfLifeGrid.h */,
				A4155998189215CC002AE8DA /* GameOfLifeGrid.m */,
				A4C079631893FF4900828554 /* Cell.h */,
				A4C079641893FF4900828554 /* Cell.m */,
				A4155999189215CC002AE8DA /* MainScreenViewController.h */,
				A415599A189215CC002AE8DA /* MainScreenViewController.m */,
				A41559601891D315002AE8DA /* AppDelegate.h */,
				A41559611891D315002AE8DA /* AppDelegate.m */,
				A41559631891D315002AE8DA /* Main_iPhone.storyboard */,
				A41559661891D315002AE8DA /* Main_iPad.storyboard */,
				A415596C1891D315002AE8DA /* Images.xcassets */,
				A41559581891D315002AE8DA /* Supporting Files */,
			);
			path = GameOfLife;
			sourceTree = "<group>";
		};
		A41559581891D315002AE8DA /* Supporting Files */ = {
			isa = PBXGroup;
			children = (
				A41559591891D315002AE8DA /* GameOfLife-Info.plist */,
				A415595A1891D315002AE8DA /* InfoPlist.strings */,
				A415595D1891D315002AE8DA /* main.m */,
				A415595F1891D315002AE8DA /* GameOfLife-Prefix.pch */,
			);
			name = "Supporting Files";
			sourceTree = "<group>";
		};
		A41559791891D315002AE8DA /* GameOfLifeTests */ = {
			isa = PBXGroup;
			children = (
				A415597F1891D315002AE8DA /* GameOfLifeTests.m */,
				A415597A1891D315002AE8DA /* Supporting Files */,
			);
			path = GameOfLifeTests;
			sourceTree = "<group>";
		};
		A415597A1891D315002AE8DA /* Supporting Files */ = {
			isa = PBXGroup;
			children = (
				A415597B1891D315002AE8DA /* GameOfLifeTests-Info.plist */,
				A415597C1891D315002AE8DA /* InfoPlist.strings */,
			);
			name = "Supporting Files";
			sourceTree = "<group>";
		};
		A4179E86189B43D8005420FB /* Artisan Toolbox */ = {
			isa = PBXGroup;
			children = (
				A4179E87189B43D8005420FB /* Categories */,
				A4179E95189B43D8005420FB /* Utilities */,
			);
			path = "Artisan Toolbox";
			sourceTree = "<group>";
		};
		A4179E87189B43D8005420FB /* Categories */ = {
			isa = PBXGroup;
			children = (
				A4179E89189B43D8005420FB /* NSData+Cipher.h */,
				A4179E8A189B43D8005420FB /* NSData+Cipher.m */,
				A4179E8B189B43D8005420FB /* NSString+NiftyAdditions.h */,
				A4179E8C189B43D8005420FB /* NSString+NiftyAdditions.m */,
				A4179E8D189B43D8005420FB /* UIColor+Hexes.h */,
				A4179E8E189B43D8005420FB /* UIColor+Hexes.m */,
				A4179E8F189B43D8005420FB /* UIDevice+SimulatorCheck.h */,
				A4179E90189B43D8005420FB /* UIDevice+SimulatorCheck.m */,
				A4179E91189B43D8005420FB /* UILabel+TextMagic.h */,
				A4179E92189B43D8005420FB /* UILabel+TextMagic.m */,
				A4179E93189B43D8005420FB /* UIView+FrameMagic.h */,
				A4179E94189B43D8005420FB /* UIView+FrameMagic.m */,
			);
			path = Categories;
			sourceTree = "<group>";
		};
		A4179E95189B43D8005420FB /* Utilities */ = {
			isa = PBXGroup;
			children = (
				A4179E96189B43D8005420FB /* iOS7MigrationBuddy.h */,
				A4179E97189B43D8005420FB /* iOS7MigrationBuddy.m */,
				A4179E98189B43D8005420FB /* LocationHelper.h */,
				A4179E99189B43D8005420FB /* LocationHelper.m */,
			);
			path = Utilities;
			sourceTree = "<group>";
		};
		A4EB6BA818A548C50090F2A5 /* Resources */ = {
			isa = PBXGroup;
			children = (
				A44574A718B1070000ECCF15 /* up-arrow.png */,
				A44574A818B1070000ECCF15 /* up-arrow@2x.png */,
				A44574A318B1062F00ECCF15 /* leaves-icon.png */,
				A44574A418B1062F00ECCF15 /* leaves-icon@2x.png */,
				A445749F18B1061A00ECCF15 /* nuke-icon.png */,
				A44574A018B1061A00ECCF15 /* nuke-icon@2x.png */,
				A445749B18B04D4B00ECCF15 /* leaves.png */,
				A445749C18B04D4B00ECCF15 /* leaves@2x.png */,
				A445748E18AFF88200ECCF15 /* pause.png */,
				A445748F18AFF88200ECCF15 /* pause@2x.png */,
				A445749018AFF88200ECCF15 /* play.png */,
				A445749118AFF88200ECCF15 /* play@2x.png */,
				A445748618AEA6EB00ECCF15 /* skull-icon-with-alpha.png */,
				A445748C18AF9EC400ECCF15 /* skull-icon-with-alpha@2x.png */,
				A4EB6BB618A565FE0090F2A5 /* left-arrow.png */,
				A4EB6BB718A565FE0090F2A5 /* left-arrow@2x.png */,
				A4EB6BB818A565FE0090F2A5 /* right-arrow.png */,
				A4EB6BB918A565FE0090F2A5 /* right-arrow@2x.png */,
				A4EB6BA918A548C50090F2A5 /* beaker.png */,
				A4EB6BAA18A548C50090F2A5 /* beaker@2x.png */,
				A4EB6BAB18A548C50090F2A5 /* Icon.png */,
				A4EB6BAC18A548C50090F2A5 /* Icon@2x.png */,
				A4EB6BB318A5498A0090F2A5 /* skull-icon@2x.png */,
				A4EB6BAD18A548C50090F2A5 /* skull-icon.png */,
			);
			path = Resources;
			sourceTree = "<group>";
		};
/* End PBXGroup section */

/* Begin PBXNativeTarget section */
		A415594D1891D315002AE8DA /* GameOfLife */ = {
			isa = PBXNativeTarget;
			buildConfigurationList = A41559831891D315002AE8DA /* Build configuration list for PBXNativeTarget "GameOfLife" */;
			buildPhases = (
				A415594A1891D315002AE8DA /* Sources */,
				A415594B1891D315002AE8DA /* Frameworks */,
				A415594C1891D315002AE8DA /* Resources */,
			);
			buildRules = (
			);
			dependencies = (
			);
			name = GameOfLife;
			productName = GameOfLife;
			productReference = A415594E1891D315002AE8DA /* GameOfLife.app */;
			productType = "com.apple.product-type.application";
		};
		A41559711891D315002AE8DA /* GameOfLifeTests */ = {
			isa = PBXNativeTarget;
			buildConfigurationList = A41559861891D315002AE8DA /* Build configuration list for PBXNativeTarget "GameOfLifeTests" */;
			buildPhases = (
				A415596E1891D315002AE8DA /* Sources */,
				A415596F1891D315002AE8DA /* Frameworks */,
				A41559701891D315002AE8DA /* Resources */,
			);
			buildRules = (
			);
			dependencies = (
				A41559781891D315002AE8DA /* PBXTargetDependency */,
			);
			name = GameOfLifeTests;
			productName = GameOfLifeTests;
			productReference = A41559721891D315002AE8DA /* GameOfLifeTests.xctest */;
			productType = "com.apple.product-type.bundle.unit-test";
		};
/* End PBXNativeTarget section */

/* Begin PBXProject section */
		A41559461891D314002AE8DA /* Project object */ = {
			isa = PBXProject;
			attributes = {
				LastUpgradeCheck = 0500;
				ORGANIZATIONNAME = "Artisan Mobile";
				TargetAttributes = {
					A415594D1891D315002AE8DA = {
						DevelopmentTeam = SJ3G36B276;
					};
					A41559711891D315002AE8DA = {
						TestTargetID = A415594D1891D315002AE8DA;
					};
				};
			};
			buildConfigurationList = A41559491891D314002AE8DA /* Build configuration list for PBXProject "GameOfLife" */;
			compatibilityVersion = "Xcode 3.2";
			developmentRegion = English;
			hasScannedForEncodings = 0;
			knownRegions = (
				en,
				Base,
			);
			mainGroup = A41559451891D314002AE8DA;
			productRefGroup = A415594F1891D315002AE8DA /* Products */;
			projectDirPath = "";
			projectRoot = "";
			targets = (
				A415594D1891D315002AE8DA /* GameOfLife */,
				A41559711891D315002AE8DA /* GameOfLifeTests */,
			);
		};
/* End PBXProject section */

/* Begin PBXResourcesBuildPhase section */
		A415594C1891D315002AE8DA /* Resources */ = {
			isa = PBXResourcesBuildPhase;
			buildActionMask = 2147483647;
			files = (
				A41559681891D315002AE8DA /* Main_iPad.storyboard in Resources */,
				A44574A518B1062F00ECCF15 /* leaves-icon.png in Resources */,
				A4EB6BBC18A565FF0090F2A5 /* right-arrow.png in Resources */,
				A44574A118B1061A00ECCF15 /* nuke-icon.png in Resources */,
				A4EB6BBB18A565FF0090F2A5 /* left-arrow@2x.png in Resources */,
				A44574A618B1062F00ECCF15 /* leaves-icon@2x.png in Resources */,
				A4B4E30F18B12B7400E05A63 /* Default-568h@2x.png in Resources */,
				A4EB6BB118A548C50090F2A5 /* Icon@2x.png in Resources */,
				A4EB6BBA18A565FF0090F2A5 /* left-arrow.png in Resources */,
				A415596D1891D315002AE8DA /* Images.xcassets in Resources */,
				A4EB6BAF18A548C50090F2A5 /* beaker@2x.png in Resources */,
				A4EB6BBD18A565FF0090F2A5 /* right-arrow@2x.png in Resources */,
				A445749418AFF88200ECCF15 /* play.png in Resources */,
				A41559651891D315002AE8DA /* Main_iPhone.storyboard in Resources */,
				A415595C1891D315002AE8DA /* InfoPlist.strings in Resources */,
				A4EB6BB018A548C50090F2A5 /* Icon.png in Resources */,
				A445749518AFF88200ECCF15 /* play@2x.png in Resources */,
				A44574A218B1061A00ECCF15 /* nuke-icon@2x.png in Resources */,
				A445748718AEA6EB00ECCF15 /* skull-icon-with-alpha.png in Resources */,
				A44574A918B1070000ECCF15 /* up-arrow.png in Resources */,
				A445748D18AF9EC400ECCF15 /* skull-icon-with-alpha@2x.png in Resources */,
				A4EB6BAE18A548C50090F2A5 /* beaker.png in Resources */,
				A44574AA18B1070000ECCF15 /* up-arrow@2x.png in Resources */,
				A445749E18B04D4B00ECCF15 /* leaves@2x.png in Resources */,
				A445749218AFF88200ECCF15 /* pause.png in Resources */,
				A4EB6BB218A548C50090F2A5 /* skull-icon.png in Resources */,
				A445749D18B04D4B00ECCF15 /* leaves.png in Resources */,
				A4EB6BB418A5498A0090F2A5 /* skull-icon@2x.png in Resources */,
				A445749318AFF88200ECCF15 /* pause@2x.png in Resources */,
			);
			runOnlyForDeploymentPostprocessing = 0;
		};
		A41559701891D315002AE8DA /* Resources */ = {
			isa = PBXResourcesBuildPhase;
			buildActionMask = 2147483647;
			files = (
				A415597E1891D315002AE8DA /* InfoPlist.strings in Resources */,
			);
			runOnlyForDeploymentPostprocessing = 0;
		};
/* End PBXResourcesBuildPhase section */

/* Begin PBXSourcesBuildPhase section */
		A415594A1891D315002AE8DA /* Sources */ = {
			isa = PBXSourcesBuildPhase;
			buildActionMask = 2147483647;
			files = (
				A4C079651893FF4900828554 /* Cell.m in Sources */,
				A4179E9E189B43D8005420FB /* UIDevice+SimulatorCheck.m in Sources */,
				A4179E9C189B43D8005420FB /* NSString+NiftyAdditions.m in Sources */,
				A415599B189215CC002AE8DA /* GameOfLifeGrid.m in Sources */,
				A415599C189215CC002AE8DA /* MainScreenViewController.m in Sources */,
				A4179E9F189B43D8005420FB /* UILabel+TextMagic.m in Sources */,
				A4179EA0189B43D8005420FB /* UIView+FrameMagic.m in Sources */,
				A41559621891D315002AE8DA /* AppDelegate.m in Sources */,
				A415595E1891D315002AE8DA /* main.m in Sources */,
				A4179E9B189B43D8005420FB /* NSData+Cipher.m in Sources */,
				A4179EA2189B43D8005420FB /* LocationHelper.m in Sources */,
				A4EB6BC018A567470090F2A5 /* SlideOutToolStrip.m in Sources */,
				A4179E9D189B43D8005420FB /* UIColor+Hexes.m in Sources */,
				A4179EA1189B43D8005420FB /* iOS7MigrationBuddy.m in Sources */,
			);
			runOnlyForDeploymentPostprocessing = 0;
		};
		A415596E1891D315002AE8DA /* Sources */ = {
			isa = PBXSourcesBuildPhase;
			buildActionMask = 2147483647;
			files = (
				A41559801891D315002AE8DA /* GameOfLifeTests.m in Sources */,
			);
			runOnlyForDeploymentPostprocessing = 0;
		};
/* End PBXSourcesBuildPhase section */

/* Begin PBXTargetDependency section */
		A41559781891D315002AE8DA /* PBXTargetDependency */ = {
			isa = PBXTargetDependency;
			target = A415594D1891D315002AE8DA /* GameOfLife */;
			targetProxy = A41559771891D315002AE8DA /* PBXContainerItemProxy */;
		};
/* End PBXTargetDependency section */

/* Begin PBXVariantGroup section */
		A415595A1891D315002AE8DA /* InfoPlist.strings */ = {
			isa = PBXVariantGroup;
			children = (
				A415595B1891D315002AE8DA /* en */,
			);
			name = InfoPlist.strings;
			sourceTree = "<group>";
		};
		A41559631891D315002AE8DA /* Main_iPhone.storyboard */ = {
			isa = PBXVariantGroup;
			children = (
				A41559641891D315002AE8DA /* Base */,
			);
			name = Main_iPhone.storyboard;
			sourceTree = "<group>";
		};
		A41559661891D315002AE8DA /* Main_iPad.storyboard */ = {
			isa = PBXVariantGroup;
			children = (
				A41559671891D315002AE8DA /* Base */,
			);
			name = Main_iPad.storyboard;
			sourceTree = "<group>";
		};
		A415597C1891D315002AE8DA /* InfoPlist.strings */ = {
			isa = PBXVariantGroup;
			children = (
				A415597D1891D315002AE8DA /* en */,
			);
			name = InfoPlist.strings;
			sourceTree = "<group>";
		};
/* End PBXVariantGroup section */

/* Begin XCBuildConfiguration section */
		A41559811891D315002AE8DA /* Debug */ = {
			isa = XCBuildConfiguration;
			buildSettings = {
				ALWAYS_SEARCH_USER_PATHS = NO;
				ARCHS = "$(ARCHS_STANDARD_INCLUDING_64_BIT)";
				CLANG_CXX_LANGUAGE_STANDARD = "gnu++0x";
				CLANG_CXX_LIBRARY = "libc++";
				CLANG_ENABLE_MODULES = YES;
				CLANG_ENABLE_OBJC_ARC = YES;
				CLANG_WARN_BOOL_CONVERSION = YES;
				CLANG_WARN_CONSTANT_CONVERSION = YES;
				CLANG_WARN_DIRECT_OBJC_ISA_USAGE = YES_ERROR;
				CLANG_WARN_EMPTY_BODY = YES;
				CLANG_WARN_ENUM_CONVERSION = YES;
				CLANG_WARN_INT_CONVERSION = YES;
				CLANG_WARN_OBJC_ROOT_CLASS = YES_ERROR;
				CLANG_WARN__DUPLICATE_METHOD_MATCH = YES;
				"CODE_SIGN_IDENTITY[sdk=iphoneos*]" = "iPhone Developer";
				COPY_PHASE_STRIP = NO;
				GCC_C_LANGUAGE_STANDARD = gnu99;
				GCC_DYNAMIC_NO_PIC = NO;
				GCC_OPTIMIZATION_LEVEL = 0;
				GCC_PREPROCESSOR_DEFINITIONS = (
					"DEBUG=1",
					"$(inherited)",
				);
				GCC_SYMBOLS_PRIVATE_EXTERN = NO;
				GCC_WARN_64_TO_32_BIT_CONVERSION = YES;
				GCC_WARN_ABOUT_RETURN_TYPE = YES_ERROR;
				GCC_WARN_UNDECLARED_SELECTOR = YES;
				GCC_WARN_UNINITIALIZED_AUTOS = YES;
				GCC_WARN_UNUSED_FUNCTION = YES;
				GCC_WARN_UNUSED_VARIABLE = YES;
				IPHONEOS_DEPLOYMENT_TARGET = 7.0;
				ONLY_ACTIVE_ARCH = YES;
				SDKROOT = iphoneos;
				TARGETED_DEVICE_FAMILY = "1,2";
			};
			name = Debug;
		};
		A41559821891D315002AE8DA /* Release */ = {
			isa = XCBuildConfiguration;
			buildSettings = {
				ALWAYS_SEARCH_USER_PATHS = NO;
				ARCHS = "$(ARCHS_STANDARD_INCLUDING_64_BIT)";
				CLANG_CXX_LANGUAGE_STANDARD = "gnu++0x";
				CLANG_CXX_LIBRARY = "libc++";
				CLANG_ENABLE_MODULES = YES;
				CLANG_ENABLE_OBJC_ARC = YES;
				CLANG_WARN_BOOL_CONVERSION = YES;
				CLANG_WARN_CONSTANT_CONVERSION = YES;
				CLANG_WARN_DIRECT_OBJC_ISA_USAGE = YES_ERROR;
				CLANG_WARN_EMPTY_BODY = YES;
				CLANG_WARN_ENUM_CONVERSION = YES;
				CLANG_WARN_INT_CONVERSION = YES;
				CLANG_WARN_OBJC_ROOT_CLASS = YES_ERROR;
				CLANG_WARN__DUPLICATE_METHOD_MATCH = YES;
				"CODE_SIGN_IDENTITY[sdk=iphoneos*]" = "iPhone Developer";
				COPY_PHASE_STRIP = YES;
				ENABLE_NS_ASSERTIONS = NO;
				GCC_C_LANGUAGE_STANDARD = gnu99;
				GCC_WARN_64_TO_32_BIT_CONVERSION = YES;
				GCC_WARN_ABOUT_RETURN_TYPE = YES_ERROR;
				GCC_WARN_UNDECLARED_SELECTOR = YES;
				GCC_WARN_UNINITIALIZED_AUTOS = YES;
				GCC_WARN_UNUSED_FUNCTION = YES;
				GCC_WARN_UNUSED_VARIABLE = YES;
				IPHONEOS_DEPLOYMENT_TARGET = 7.0;
				SDKROOT = iphoneos;
				TARGETED_DEVICE_FAMILY = "1,2";
				VALIDATE_PRODUCT = YES;
			};
			name = Release;
		};
		A41559841891D315002AE8DA /* Debug */ = {
			isa = XCBuildConfiguration;
			buildSettings = {
				ASSETCATALOG_COMPILER_APPICON_NAME = AppIcon;
				CODE_SIGN_IDENTITY = "";
				"CODE_SIGN_IDENTITY[sdk=iphoneos*]" = "";
				GCC_PRECOMPILE_PREFIX_HEADER = YES;
				GCC_PREFIX_HEADER = "GameOfLife/GameOfLife-Prefix.pch";
				INFOPLIST_FILE = "GameOfLife/GameOfLife-Info.plist";
				PRODUCT_NAME = "$(TARGET_NAME)";
				PROVISIONING_PROFILE = "4CEDBCE1-D172-4B58-BAE6-5408799D6C75";
				WRAPPER_EXTENSION = app;
			};
			name = Debug;
		};
		A41559851891D315002AE8DA /* Release */ = {
			isa = XCBuildConfiguration;
			buildSettings = {
				ASSETCATALOG_COMPILER_APPICON_NAME = AppIcon;
				CODE_SIGN_IDENTITY = "";
				"CODE_SIGN_IDENTITY[sdk=iphoneos*]" = "";
				GCC_PRECOMPILE_PREFIX_HEADER = YES;
				GCC_PREFIX_HEADER = "GameOfLife/GameOfLife-Prefix.pch";
				INFOPLIST_FILE = "GameOfLife/GameOfLife-Info.plist";
				PRODUCT_NAME = "$(TARGET_NAME)";
				PROVISIONING_PROFILE = "4CEDBCE1-D172-4B58-BAE6-5408799D6C75";
				WRAPPER_EXTENSION = app;
			};
			name = Release;
		};
		A41559871891D315002AE8DA /* Debug */ = {
			isa = XCBuildConfiguration;
			buildSettings = {
				ARCHS = "$(ARCHS_STANDARD_INCLUDING_64_BIT)";
				BUNDLE_LOADER = "$(BUILT_PRODUCTS_DIR)/GameOfLife.app/GameOfLife";
				FRAMEWORK_SEARCH_PATHS = (
					"$(SDKROOT)/Developer/Library/Frameworks",
					"$(inherited)",
					"$(DEVELOPER_FRAMEWORKS_DIR)",
				);
				GCC_PRECOMPILE_PREFIX_HEADER = YES;
				GCC_PREFIX_HEADER = "GameOfLife/GameOfLife-Prefix.pch";
				GCC_PREPROCESSOR_DEFINITIONS = (
					"DEBUG=1",
					"$(inherited)",
				);
				INFOPLIST_FILE = "GameOfLifeTests/GameOfLifeTests-Info.plist";
				PRODUCT_NAME = "$(TARGET_NAME)";
				TEST_HOST = "$(BUNDLE_LOADER)";
				WRAPPER_EXTENSION = xctest;
			};
			name = Debug;
		};
		A41559881891D315002AE8DA /* Release */ = {
			isa = XCBuildConfiguration;
			buildSettings = {
				ARCHS = "$(ARCHS_STANDARD_INCLUDING_64_BIT)";
				BUNDLE_LOADER = "$(BUILT_PRODUCTS_DIR)/GameOfLife.app/GameOfLife";
				FRAMEWORK_SEARCH_PATHS = (
					"$(SDKROOT)/Developer/Library/Frameworks",
					"$(inherited)",
					"$(DEVELOPER_FRAMEWORKS_DIR)",
				);
				GCC_PRECOMPILE_PREFIX_HEADER = YES;
				GCC_PREFIX_HEADER = "GameOfLife/GameOfLife-Prefix.pch";
				INFOPLIST_FILE = "GameOfLifeTests/GameOfLifeTests-Info.plist";
				PRODUCT_NAME = "$(TARGET_NAME)";
				TEST_HOST = "$(BUNDLE_LOADER)";
				WRAPPER_EXTENSION = xctest;
			};
			name = Release;
		};
/* End XCBuildConfiguration section */

/* Begin XCConfigurationList section */
		A41559491891D314002AE8DA /* Build configuration list for PBXProject "GameOfLife" */ = {
			isa = XCConfigurationList;
			buildConfigurations = (
				A41559811891D315002AE8DA /* Debug */,
				A41559821891D315002AE8DA /* Release */,
			);
			defaultConfigurationIsVisible = 0;
			defaultConfigurationName = Release;
		};
		A41559831891D315002AE8DA /* Build configuration list for PBXNativeTarget "GameOfLife" */ = {
			isa = XCConfigurationList;
			buildConfigurations = (
				A41559841891D315002AE8DA /* Debug */,
				A41559851891D315002AE8DA /* Release */,
			);
			defaultConfigurationIsVisible = 0;
			defaultConfigurationName = Release;
		};
		A41559861891D315002AE8DA /* Build configuration list for PBXNativeTarget "GameOfLifeTests" */ = {
			isa = XCConfigurationList;
			buildConfigurations = (
				A41559871891D315002AE8DA /* Debug */,
				A41559881891D315002AE8DA /* Release */,
			);
			defaultConfigurationIsVisible = 0;
			defaultConfigurationName = Release;
		};
/* End XCConfigurationList section */
	};
	rootObject = A41559461891D314002AE8DA /* Project object */;
}
